# This file is automatically @generated by Cargo.
# It is not intended for manual editing.
version = 4

[[package]]
name = "accent-mark-helper-rs"
version = "0.1.0"
dependencies = [
 "winsafe",
]

[[package]]
name = "winsafe"
version = "0.0.22"
source = "registry+https://github.com/rust-lang/crates.io-index"
checksum = "7d6ad6cbd9c6e5144971e326303f0e453b61d82e4f72067fccf23106bccd8437"
